// !$*UTF8*$!
{
	archiveVersion = 1;
	classes = {
	};
	objectVersion = 56;
	objects = {

/* Begin PBXBuildFile section */
		213834532B598A3800EC75F9 /* Bogun_GymApp.swift in Sources */ = {isa = PBXBuildFile; fileRef = 213834522B598A3800EC75F9 /* Bogun_GymApp.swift */; };
		213834552B598A3800EC75F9 /* ContentView.swift in Sources */ = {isa = PBXBuildFile; fileRef = 213834542B598A3800EC75F9 /* ContentView.swift */; };
		213834572B598A3900EC75F9 /* Assets.xcassets in Resources */ = {isa = PBXBuildFile; fileRef = 213834562B598A3900EC75F9 /* Assets.xcassets */; };
		2138345A2B598A3900EC75F9 /* Preview Assets.xcassets in Resources */ = {isa = PBXBuildFile; fileRef = 213834592B598A3900EC75F9 /* Preview Assets.xcassets */; };
		213834612B598A8C00EC75F9 /* GoogleService-Info.plist in Resources */ = {isa = PBXBuildFile; fileRef = 213834602B598A8C00EC75F9 /* GoogleService-Info.plist */; };
		213834642B598B0500EC75F9 /* FirebaseAnalytics in Frameworks */ = {isa = PBXBuildFile; productRef = 213834632B598B0500EC75F9 /* FirebaseAnalytics */; };
		213834662B598B0500EC75F9 /* FirebaseAnalyticsOnDeviceConversion in Frameworks */ = {isa = PBXBuildFile; productRef = 213834652B598B0500EC75F9 /* FirebaseAnalyticsOnDeviceConversion */; };
		213834682B598B0500EC75F9 /* FirebaseAnalyticsSwift in Frameworks */ = {isa = PBXBuildFile; productRef = 213834672B598B0500EC75F9 /* FirebaseAnalyticsSwift */; };
		2138346A2B598B0500EC75F9 /* FirebaseAnalyticsWithoutAdIdSupport in Frameworks */ = {isa = PBXBuildFile; productRef = 213834692B598B0500EC75F9 /* FirebaseAnalyticsWithoutAdIdSupport */; };
		2138346C2B598B0500EC75F9 /* FirebaseAppCheck in Frameworks */ = {isa = PBXBuildFile; productRef = 2138346B2B598B0500EC75F9 /* FirebaseAppCheck */; };
		213834722B598C0B00EC75F9 /* FireProfile.swift in Sources */ = {isa = PBXBuildFile; fileRef = 213834712B598C0B00EC75F9 /* FireProfile.swift */; };
		213834742B598C7700EC75F9 /* FirebaseManager.swift in Sources */ = {isa = PBXBuildFile; fileRef = 213834732B598C7700EC75F9 /* FirebaseManager.swift */; };
		213834762B598CF100EC75F9 /* FirebaseAnalytics in Frameworks */ = {isa = PBXBuildFile; productRef = 213834752B598CF100EC75F9 /* FirebaseAnalytics */; };
		213834782B598CF100EC75F9 /* FirebaseAnalyticsOnDeviceConversion in Frameworks */ = {isa = PBXBuildFile; productRef = 213834772B598CF100EC75F9 /* FirebaseAnalyticsOnDeviceConversion */; };
		2138347A2B598CF100EC75F9 /* FirebaseAnalyticsSwift in Frameworks */ = {isa = PBXBuildFile; productRef = 213834792B598CF100EC75F9 /* FirebaseAnalyticsSwift */; };
		2138347C2B598CF100EC75F9 /* FirebaseAnalyticsWithoutAdIdSupport in Frameworks */ = {isa = PBXBuildFile; productRef = 2138347B2B598CF100EC75F9 /* FirebaseAnalyticsWithoutAdIdSupport */; };
		2138347E2B598CF100EC75F9 /* FirebaseAppCheck in Frameworks */ = {isa = PBXBuildFile; productRef = 2138347D2B598CF100EC75F9 /* FirebaseAppCheck */; };
		21E0CE712B598FE600437594 /* FirebaseAnalytics in Frameworks */ = {isa = PBXBuildFile; productRef = 21E0CE702B598FE600437594 /* FirebaseAnalytics */; };
		21E0CE732B598FE600437594 /* FirebaseAnalyticsOnDeviceConversion in Frameworks */ = {isa = PBXBuildFile; productRef = 21E0CE722B598FE600437594 /* FirebaseAnalyticsOnDeviceConversion */; };
		21E0CE752B598FE600437594 /* FirebaseAnalyticsSwift in Frameworks */ = {isa = PBXBuildFile; productRef = 21E0CE742B598FE600437594 /* FirebaseAnalyticsSwift */; };
		21E0CE772B598FE600437594 /* FirebaseAnalyticsWithoutAdIdSupport in Frameworks */ = {isa = PBXBuildFile; productRef = 21E0CE762B598FE600437594 /* FirebaseAnalyticsWithoutAdIdSupport */; };
		21E0CE792B598FE600437594 /* FirebaseAppCheck in Frameworks */ = {isa = PBXBuildFile; productRef = 21E0CE782B598FE600437594 /* FirebaseAppCheck */; };
		21E0CE7C2B5990F400437594 /* FirebaseAuth in Frameworks */ = {isa = PBXBuildFile; productRef = 21E0CE7B2B5990F400437594 /* FirebaseAuth */; };
		21E0CE7E2B59913E00437594 /* FirebaseFirestore in Frameworks */ = {isa = PBXBuildFile; productRef = 21E0CE7D2B59913E00437594 /* FirebaseFirestore */; };
		21E0CE802B59916100437594 /* FirebaseFirestoreSwift in Frameworks */ = {isa = PBXBuildFile; productRef = 21E0CE7F2B59916100437594 /* FirebaseFirestoreSwift */; };
		21E0CE832B5991B100437594 /* FirebaseUserViewModel.swift in Sources */ = {isa = PBXBuildFile; fileRef = 21E0CE822B5991B100437594 /* FirebaseUserViewModel.swift */; };
		21E0CE852B59944200437594 /* AuthView.swift in Sources */ = {isa = PBXBuildFile; fileRef = 21E0CE842B59944200437594 /* AuthView.swift */; };
		21E0CE882B59955700437594 /* PrimaryButton.swift in Sources */ = {isa = PBXBuildFile; fileRef = 21E0CE872B59955700437594 /* PrimaryButton.swift */; };
		21E0CE8A2B59957900437594 /* TextButton.swift in Sources */ = {isa = PBXBuildFile; fileRef = 21E0CE892B59957900437594 /* TextButton.swift */; };
		21E0CE8D2B5995BE00437594 /* AuthMode.swift in Sources */ = {isa = PBXBuildFile; fileRef = 21E0CE8C2B5995BE00437594 /* AuthMode.swift */; };
		21E0CE8F2B59965D00437594 /* HomeView.swift in Sources */ = {isa = PBXBuildFile; fileRef = 21E0CE8E2B59965D00437594 /* HomeView.swift */; };
		21E0CE912B5996F900437594 /* ProfileView.swift in Sources */ = {isa = PBXBuildFile; fileRef = 21E0CE902B5996F900437594 /* ProfileView.swift */; };
/* End PBXBuildFile section */

/* Begin PBXFileReference section */
		2138344F2B598A3800EC75F9 /* Bogun Gym.app */ = {isa = PBXFileReference; explicitFileType = wrapper.application; includeInIndex = 0; path = "Bogun Gym.app"; sourceTree = BUILT_PRODUCTS_DIR; };
		213834522B598A3800EC75F9 /* Bogun_GymApp.swift */ = {isa = PBXFileReference; lastKnownFileType = sourcecode.swift; path = Bogun_GymApp.swift; sourceTree = "<group>"; };
		213834542B598A3800EC75F9 /* ContentView.swift */ = {isa = PBXFileReference; lastKnownFileType = sourcecode.swift; path = ContentView.swift; sourceTree = "<group>"; };
		213834562B598A3900EC75F9 /* Assets.xcassets */ = {isa = PBXFileReference; lastKnownFileType = folder.assetcatalog; path = Assets.xcassets; sourceTree = "<group>"; };
		213834592B598A3900EC75F9 /* Preview Assets.xcassets */ = {isa = PBXFileReference; lastKnownFileType = folder.assetcatalog; path = "Preview Assets.xcassets"; sourceTree = "<group>"; };
		213834602B598A8C00EC75F9 /* GoogleService-Info.plist */ = {isa = PBXFileReference; fileEncoding = 4; lastKnownFileType = text.plist.xml; path = "GoogleService-Info.plist"; sourceTree = "<group>"; };
		213834712B598C0B00EC75F9 /* FireProfile.swift */ = {isa = PBXFileReference; lastKnownFileType = sourcecode.swift; path = FireProfile.swift; sourceTree = "<group>"; };
		213834732B598C7700EC75F9 /* FirebaseManager.swift */ = {isa = PBXFileReference; lastKnownFileType = sourcecode.swift; path = FirebaseManager.swift; sourceTree = "<group>"; };
		21E0CE822B5991B100437594 /* FirebaseUserViewModel.swift */ = {isa = PBXFileReference; lastKnownFileType = sourcecode.swift; path = FirebaseUserViewModel.swift; sourceTree = "<group>"; };
		21E0CE842B59944200437594 /* AuthView.swift */ = {isa = PBXFileReference; lastKnownFileType = sourcecode.swift; path = AuthView.swift; sourceTree = "<group>"; };
		21E0CE872B59955700437594 /* PrimaryButton.swift */ = {isa = PBXFileReference; lastKnownFileType = sourcecode.swift; path = PrimaryButton.swift; sourceTree = "<group>"; };
		21E0CE892B59957900437594 /* TextButton.swift */ = {isa = PBXFileReference; lastKnownFileType = sourcecode.swift; path = TextButton.swift; sourceTree = "<group>"; };
		21E0CE8C2B5995BE00437594 /* AuthMode.swift */ = {isa = PBXFileReference; lastKnownFileType = sourcecode.swift; path = AuthMode.swift; sourceTree = "<group>"; };
		21E0CE8E2B59965D00437594 /* HomeView.swift */ = {isa = PBXFileReference; lastKnownFileType = sourcecode.swift; path = HomeView.swift; sourceTree = "<group>"; };
		21E0CE902B5996F900437594 /* ProfileView.swift */ = {isa = PBXFileReference; lastKnownFileType = sourcecode.swift; path = ProfileView.swift; sourceTree = "<group>"; };
/* End PBXFileReference section */

/* Begin PBXFrameworksBuildPhase section */
		2138344C2B598A3800EC75F9 /* Frameworks */ = {
			isa = PBXFrameworksBuildPhase;
			buildActionMask = 2147483647;
			files = (
				213834682B598B0500EC75F9 /* FirebaseAnalyticsSwift in Frameworks */,
				213834642B598B0500EC75F9 /* FirebaseAnalytics in Frameworks */,
				213834762B598CF100EC75F9 /* FirebaseAnalytics in Frameworks */,
				213834782B598CF100EC75F9 /* FirebaseAnalyticsOnDeviceConversion in Frameworks */,
				21E0CE7E2B59913E00437594 /* FirebaseFirestore in Frameworks */,
				2138347A2B598CF100EC75F9 /* FirebaseAnalyticsSwift in Frameworks */,
				213834662B598B0500EC75F9 /* FirebaseAnalyticsOnDeviceConversion in Frameworks */,
				21E0CE712B598FE600437594 /* FirebaseAnalytics in Frameworks */,
				21E0CE732B598FE600437594 /* FirebaseAnalyticsOnDeviceConversion in Frameworks */,
				2138346C2B598B0500EC75F9 /* FirebaseAppCheck in Frameworks */,
				21E0CE752B598FE600437594 /* FirebaseAnalyticsSwift in Frameworks */,
				2138347C2B598CF100EC75F9 /* FirebaseAnalyticsWithoutAdIdSupport in Frameworks */,
				21E0CE772B598FE600437594 /* FirebaseAnalyticsWithoutAdIdSupport in Frameworks */,
				2138347E2B598CF100EC75F9 /* FirebaseAppCheck in Frameworks */,
				21E0CE792B598FE600437594 /* FirebaseAppCheck in Frameworks */,
				2138346A2B598B0500EC75F9 /* FirebaseAnalyticsWithoutAdIdSupport in Frameworks */,
				21E0CE7C2B5990F400437594 /* FirebaseAuth in Frameworks */,
				21E0CE802B59916100437594 /* FirebaseFirestoreSwift in Frameworks */,
			);
			runOnlyForDeploymentPostprocessing = 0;
		};
/* End PBXFrameworksBuildPhase section */

/* Begin PBXGroup section */
		213834462B598A3800EC75F9 = {
			isa = PBXGroup;
			children = (
				213834602B598A8C00EC75F9 /* GoogleService-Info.plist */,
				213834512B598A3800EC75F9 /* Bogun Gym */,
				213834502B598A3800EC75F9 /* Products */,
				21E0CE7A2B5990F400437594 /* Frameworks */,
			);
			sourceTree = "<group>";
		};
		213834502B598A3800EC75F9 /* Products */ = {
			isa = PBXGroup;
			children = (
				2138344F2B598A3800EC75F9 /* Bogun Gym.app */,
			);
			name = Products;
			sourceTree = "<group>";
		};
		213834512B598A3800EC75F9 /* Bogun Gym */ = {
			isa = PBXGroup;
			children = (
				21E0CE8B2B59959E00437594 /* Enums */,
				21E0CE812B59919000437594 /* ViewModels */,
				2138346F2B598BCC00EC75F9 /* Firebase */,
				2138346E2B598BC100EC75F9 /* Views */,
				2138346D2B598BB800EC75F9 /* Models */,
				213834522B598A3800EC75F9 /* Bogun_GymApp.swift */,
				213834542B598A3800EC75F9 /* ContentView.swift */,
				213834562B598A3900EC75F9 /* Assets.xcassets */,
				213834582B598A3900EC75F9 /* Preview Content */,
			);
			path = "Bogun Gym";
			sourceTree = "<group>";
		};
		213834582B598A3900EC75F9 /* Preview Content */ = {
			isa = PBXGroup;
			children = (
				213834592B598A3900EC75F9 /* Preview Assets.xcassets */,
			);
			path = "Preview Content";
			sourceTree = "<group>";
		};
		2138346D2B598BB800EC75F9 /* Models */ = {
			isa = PBXGroup;
			children = (
				213834712B598C0B00EC75F9 /* FireProfile.swift */,
			);
			path = Models;
			sourceTree = "<group>";
		};
		2138346E2B598BC100EC75F9 /* Views */ = {
			isa = PBXGroup;
			children = (
				21E0CE862B59944900437594 /* Auth */,
				213834702B598BE000EC75F9 /* Components */,
				21E0CE8E2B59965D00437594 /* HomeView.swift */,
				21E0CE902B5996F900437594 /* ProfileView.swift */,
			);
			path = Views;
			sourceTree = "<group>";
		};
		2138346F2B598BCC00EC75F9 /* Firebase */ = {
			isa = PBXGroup;
			children = (
				213834732B598C7700EC75F9 /* FirebaseManager.swift */,
			);
			path = Firebase;
			sourceTree = "<group>";
		};
		213834702B598BE000EC75F9 /* Components */ = {
			isa = PBXGroup;
			children = (
				21E0CE872B59955700437594 /* PrimaryButton.swift */,
				21E0CE892B59957900437594 /* TextButton.swift */,
			);
			path = Components;
			sourceTree = "<group>";
		};
		21E0CE7A2B5990F400437594 /* Frameworks */ = {
			isa = PBXGroup;
			children = (
			);
			name = Frameworks;
			sourceTree = "<group>";
		};
		21E0CE812B59919000437594 /* ViewModels */ = {
			isa = PBXGroup;
			children = (
				21E0CE822B5991B100437594 /* FirebaseUserViewModel.swift */,
			);
			path = ViewModels;
			sourceTree = "<group>";
		};
		21E0CE862B59944900437594 /* Auth */ = {
			isa = PBXGroup;
			children = (
				21E0CE842B59944200437594 /* AuthView.swift */,
			);
			path = Auth;
			sourceTree = "<group>";
		};
		21E0CE8B2B59959E00437594 /* Enums */ = {
			isa = PBXGroup;
			children = (
				21E0CE8C2B5995BE00437594 /* AuthMode.swift */,
			);
			path = Enums;
			sourceTree = "<group>";
		};
/* End PBXGroup section */

/* Begin PBXNativeTarget section */
		2138344E2B598A3800EC75F9 /* Bogun Gym */ = {
			isa = PBXNativeTarget;
			buildConfigurationList = 2138345D2B598A3900EC75F9 /* Build configuration list for PBXNativeTarget "Bogun Gym" */;
			buildPhases = (
				2138344B2B598A3800EC75F9 /* Sources */,
				2138344C2B598A3800EC75F9 /* Frameworks */,
				2138344D2B598A3800EC75F9 /* Resources */,
			);
			buildRules = (
			);
			dependencies = (
			);
			name = "Bogun Gym";
			packageProductDependencies = (
				213834632B598B0500EC75F9 /* FirebaseAnalytics */,
				213834652B598B0500EC75F9 /* FirebaseAnalyticsOnDeviceConversion */,
				213834672B598B0500EC75F9 /* FirebaseAnalyticsSwift */,
				213834692B598B0500EC75F9 /* FirebaseAnalyticsWithoutAdIdSupport */,
				2138346B2B598B0500EC75F9 /* FirebaseAppCheck */,
				213834752B598CF100EC75F9 /* FirebaseAnalytics */,
				213834772B598CF100EC75F9 /* FirebaseAnalyticsOnDeviceConversion */,
				213834792B598CF100EC75F9 /* FirebaseAnalyticsSwift */,
				2138347B2B598CF100EC75F9 /* FirebaseAnalyticsWithoutAdIdSupport */,
				2138347D2B598CF100EC75F9 /* FirebaseAppCheck */,
				21E0CE702B598FE600437594 /* FirebaseAnalytics */,
				21E0CE722B598FE600437594 /* FirebaseAnalyticsOnDeviceConversion */,
				21E0CE742B598FE600437594 /* FirebaseAnalyticsSwift */,
				21E0CE762B598FE600437594 /* FirebaseAnalyticsWithoutAdIdSupport */,
				21E0CE782B598FE600437594 /* FirebaseAppCheck */,
				21E0CE7B2B5990F400437594 /* FirebaseAuth */,
				21E0CE7D2B59913E00437594 /* FirebaseFirestore */,
				21E0CE7F2B59916100437594 /* FirebaseFirestoreSwift */,
			);
			productName = "Bogun Gym";
			productReference = 2138344F2B598A3800EC75F9 /* Bogun Gym.app */;
			productType = "com.apple.product-type.application";
		};
/* End PBXNativeTarget section */

/* Begin PBXProject section */
		213834472B598A3800EC75F9 /* Project object */ = {
			isa = PBXProject;
			attributes = {
				BuildIndependentTargetsInParallel = 1;
				LastSwiftUpdateCheck = 1520;
				LastUpgradeCheck = 1520;
				TargetAttributes = {
					2138344E2B598A3800EC75F9 = {
						CreatedOnToolsVersion = 15.2;
					};
				};
			};
			buildConfigurationList = 2138344A2B598A3800EC75F9 /* Build configuration list for PBXProject "Bogun Gym" */;
			compatibilityVersion = "Xcode 14.0";
			developmentRegion = en;
			hasScannedForEncodings = 0;
			knownRegions = (
				en,
				Base,
			);
			mainGroup = 213834462B598A3800EC75F9;
			packageReferences = (
				213834622B598B0500EC75F9 /* XCRemoteSwiftPackageReference "firebase-ios-sdk" */,
			);
			productRefGroup = 213834502B598A3800EC75F9 /* Products */;
			projectDirPath = "";
			projectRoot = "";
			targets = (
				2138344E2B598A3800EC75F9 /* Bogun Gym */,
			);
		};
/* End PBXProject section */

/* Begin PBXResourcesBuildPhase section */
		2138344D2B598A3800EC75F9 /* Resources */ = {
			isa = PBXResourcesBuildPhase;
			buildActionMask = 2147483647;
			files = (
				2138345A2B598A3900EC75F9 /* Preview Assets.xcassets in Resources */,
				213834572B598A3900EC75F9 /* Assets.xcassets in Resources */,
				213834612B598A8C00EC75F9 /* GoogleService-Info.plist in Resources */,
			);
			runOnlyForDeploymentPostprocessing = 0;
		};
/* End PBXResourcesBuildPhase section */

/* Begin PBXSourcesBuildPhase section */
		2138344B2B598A3800EC75F9 /* Sources */ = {
			isa = PBXSourcesBuildPhase;
			buildActionMask = 2147483647;
			files = (
				21E0CE8D2B5995BE00437594 /* AuthMode.swift in Sources */,
				213834742B598C7700EC75F9 /* FirebaseManager.swift in Sources */,
				213834552B598A3800EC75F9 /* ContentView.swift in Sources */,
				21E0CE8F2B59965D00437594 /* HomeView.swift in Sources */,
				21E0CE852B59944200437594 /* AuthView.swift in Sources */,
				21E0CE832B5991B100437594 /* FirebaseUserViewModel.swift in Sources */,
				21E0CE8A2B59957900437594 /* TextButton.swift in Sources */,
				21E0CE882B59955700437594 /* PrimaryButton.swift in Sources */,
				213834532B598A3800EC75F9 /* Bogun_GymApp.swift in Sources */,
				21E0CE912B5996F900437594 /* ProfileView.swift in Sources */,
				213834722B598C0B00EC75F9 /* FireProfile.swift in Sources */,
			);
			runOnlyForDeploymentPostprocessing = 0;
		};
/* End PBXSourcesBuildPhase section */

/* Begin XCBuildConfiguration section */
		2138345B2B598A3900EC75F9 /* Debug */ = {
			isa = XCBuildConfiguration;
			buildSettings = {
				ALWAYS_SEARCH_USER_PATHS = NO;
				ASSETCATALOG_COMPILER_GENERATE_SWIFT_ASSET_SYMBOL_EXTENSIONS = YES;
				CLANG_ANALYZER_NONNULL = YES;
				CLANG_ANALYZER_NUMBER_OBJECT_CONVERSION = YES_AGGRESSIVE;
				CLANG_CXX_LANGUAGE_STANDARD = "gnu++20";
				CLANG_ENABLE_MODULES = YES;
				CLANG_ENABLE_OBJC_ARC = YES;
				CLANG_ENABLE_OBJC_WEAK = YES;
				CLANG_WARN_BLOCK_CAPTURE_AUTORELEASING = YES;
				CLANG_WARN_BOOL_CONVERSION = YES;
				CLANG_WARN_COMMA = YES;
				CLANG_WARN_CONSTANT_CONVERSION = YES;
				CLANG_WARN_DEPRECATED_OBJC_IMPLEMENTATIONS = YES;
				CLANG_WARN_DIRECT_OBJC_ISA_USAGE = YES_ERROR;
				CLANG_WARN_DOCUMENTATION_COMMENTS = YES;
				CLANG_WARN_EMPTY_BODY = YES;
				CLANG_WARN_ENUM_CONVERSION = YES;
				CLANG_WARN_INFINITE_RECURSION = YES;
				CLANG_WARN_INT_CONVERSION = YES;
				CLANG_WARN_NON_LITERAL_NULL_CONVERSION = YES;
				CLANG_WARN_OBJC_IMPLICIT_RETAIN_SELF = YES;
				CLANG_WARN_OBJC_LITERAL_CONVERSION = YES;
				CLANG_WARN_OBJC_ROOT_CLASS = YES_ERROR;
				CLANG_WARN_QUOTED_INCLUDE_IN_FRAMEWORK_HEADER = YES;
				CLANG_WARN_RANGE_LOOP_ANALYSIS = YES;
				CLANG_WARN_STRICT_PROTOTYPES = YES;
				CLANG_WARN_SUSPICIOUS_MOVE = YES;
				CLANG_WARN_UNGUARDED_AVAILABILITY = YES_AGGRESSIVE;
				CLANG_WARN_UNREACHABLE_CODE = YES;
				CLANG_WARN__DUPLICATE_METHOD_MATCH = YES;
				COPY_PHASE_STRIP = NO;
				DEBUG_INFORMATION_FORMAT = dwarf;
				ENABLE_STRICT_OBJC_MSGSEND = YES;
				ENABLE_TESTABILITY = YES;
				ENABLE_USER_SCRIPT_SANDBOXING = YES;
				GCC_C_LANGUAGE_STANDARD = gnu17;
				GCC_DYNAMIC_NO_PIC = NO;
				GCC_NO_COMMON_BLOCKS = YES;
				GCC_OPTIMIZATION_LEVEL = 0;
				GCC_PREPROCESSOR_DEFINITIONS = (
					"DEBUG=1",
					"$(inherited)",
				);
				GCC_WARN_64_TO_32_BIT_CONVERSION = YES;
				GCC_WARN_ABOUT_RETURN_TYPE = YES_ERROR;
				GCC_WARN_UNDECLARED_SELECTOR = YES;
				GCC_WARN_UNINITIALIZED_AUTOS = YES_AGGRESSIVE;
				GCC_WARN_UNUSED_FUNCTION = YES;
				GCC_WARN_UNUSED_VARIABLE = YES;
				IPHONEOS_DEPLOYMENT_TARGET = 17.2;
				LOCALIZATION_PREFERS_STRING_CATALOGS = YES;
				MTL_ENABLE_DEBUG_INFO = INCLUDE_SOURCE;
				MTL_FAST_MATH = YES;
				ONLY_ACTIVE_ARCH = YES;
				SDKROOT = iphoneos;
				SWIFT_ACTIVE_COMPILATION_CONDITIONS = "DEBUG $(inherited)";
				SWIFT_OPTIMIZATION_LEVEL = "-Onone";
			};
			name = Debug;
		};
		2138345C2B598A3900EC75F9 /* Release */ = {
			isa = XCBuildConfiguration;
			buildSettings = {
				ALWAYS_SEARCH_USER_PATHS = NO;
				ASSETCATALOG_COMPILER_GENERATE_SWIFT_ASSET_SYMBOL_EXTENSIONS = YES;
				CLANG_ANALYZER_NONNULL = YES;
				CLANG_ANALYZER_NUMBER_OBJECT_CONVERSION = YES_AGGRESSIVE;
				CLANG_CXX_LANGUAGE_STANDARD = "gnu++20";
				CLANG_ENABLE_MODULES = YES;
				CLANG_ENABLE_OBJC_ARC = YES;
				CLANG_ENABLE_OBJC_WEAK = YES;
				CLANG_WARN_BLOCK_CAPTURE_AUTORELEASING = YES;
				CLANG_WARN_BOOL_CONVERSION = YES;
				CLANG_WARN_COMMA = YES;
				CLANG_WARN_CONSTANT_CONVERSION = YES;
				CLANG_WARN_DEPRECATED_OBJC_IMPLEMENTATIONS = YES;
				CLANG_WARN_DIRECT_OBJC_ISA_USAGE = YES_ERROR;
				CLANG_WARN_DOCUMENTATION_COMMENTS = YES;
				CLANG_WARN_EMPTY_BODY = YES;
				CLANG_WARN_ENUM_CONVERSION = YES;
				CLANG_WARN_INFINITE_RECURSION = YES;
				CLANG_WARN_INT_CONVERSION = YES;
				CLANG_WARN_NON_LITERAL_NULL_CONVERSION = YES;
				CLANG_WARN_OBJC_IMPLICIT_RETAIN_SELF = YES;
				CLANG_WARN_OBJC_LITERAL_CONVERSION = YES;
				CLANG_WARN_OBJC_ROOT_CLASS = YES_ERROR;
				CLANG_WARN_QUOTED_INCLUDE_IN_FRAMEWORK_HEADER = YES;
				CLANG_WARN_RANGE_LOOP_ANALYSIS = YES;
				CLANG_WARN_STRICT_PROTOTYPES = YES;
				CLANG_WARN_SUSPICIOUS_MOVE = YES;
				CLANG_WARN_UNGUARDED_AVAILABILITY = YES_AGGRESSIVE;
				CLANG_WARN_UNREACHABLE_CODE = YES;
				CLANG_WARN__DUPLICATE_METHOD_MATCH = YES;
				COPY_PHASE_STRIP = NO;
				DEBUG_INFORMATION_FORMAT = "dwarf-with-dsym";
				ENABLE_NS_ASSERTIONS = NO;
				ENABLE_STRICT_OBJC_MSGSEND = YES;
				ENABLE_USER_SCRIPT_SANDBOXING = YES;
				GCC_C_LANGUAGE_STANDARD = gnu17;
				GCC_NO_COMMON_BLOCKS = YES;
				GCC_WARN_64_TO_32_BIT_CONVERSION = YES;
				GCC_WARN_ABOUT_RETURN_TYPE = YES_ERROR;
				GCC_WARN_UNDECLARED_SELECTOR = YES;
				GCC_WARN_UNINITIALIZED_AUTOS = YES_AGGRESSIVE;
				GCC_WARN_UNUSED_FUNCTION = YES;
				GCC_WARN_UNUSED_VARIABLE = YES;
				IPHONEOS_DEPLOYMENT_TARGET = 17.2;
				LOCALIZATION_PREFERS_STRING_CATALOGS = YES;
				MTL_ENABLE_DEBUG_INFO = NO;
				MTL_FAST_MATH = YES;
				SDKROOT = iphoneos;
				SWIFT_COMPILATION_MODE = wholemodule;
				VALIDATE_PRODUCT = YES;
			};
			name = Release;
		};
		2138345E2B598A3900EC75F9 /* Debug */ = {
			isa = XCBuildConfiguration;
			buildSettings = {
				ASSETCATALOG_COMPILER_APPICON_NAME = AppIcon;
				ASSETCATALOG_COMPILER_GLOBAL_ACCENT_COLOR_NAME = AccentColor;
				CODE_SIGN_STYLE = Automatic;
				CURRENT_PROJECT_VERSION = 1;
				DEVELOPMENT_ASSET_PATHS = "\"Bogun Gym/Preview Content\"";
				ENABLE_PREVIEWS = YES;
				GENERATE_INFOPLIST_FILE = YES;
				INFOPLIST_KEY_UIApplicationSceneManifest_Generation = YES;
				INFOPLIST_KEY_UIApplicationSupportsIndirectInputEvents = YES;
				INFOPLIST_KEY_UILaunchScreen_Generation = YES;
				INFOPLIST_KEY_UISupportedInterfaceOrientations_iPad = "UIInterfaceOrientationPortrait UIInterfaceOrientationPortraitUpsideDown UIInterfaceOrientationLandscapeLeft UIInterfaceOrientationLandscapeRight";
				INFOPLIST_KEY_UISupportedInterfaceOrientations_iPhone = "UIInterfaceOrientationPortrait UIInterfaceOrientationLandscapeLeft UIInterfaceOrientationLandscapeRight";
				LD_RUNPATH_SEARCH_PATHS = (
					"$(inherited)",
					"@executable_path/Frameworks",
				);
				MARKETING_VERSION = 1.0;
				PRODUCT_BUNDLE_IDENTIFIER = "momcilobogunovic.Bogun-Gym";
				PRODUCT_NAME = "$(TARGET_NAME)";
				SWIFT_EMIT_LOC_STRINGS = YES;
				SWIFT_VERSION = 5.0;
				TARGETED_DEVICE_FAMILY = "1,2";
			};
			name = Debug;
		};
		2138345F2B598A3900EC75F9 /* Release */ = {
			isa = XCBuildConfiguration;
			buildSettings = {
				ASSETCATALOG_COMPILER_APPICON_NAME = AppIcon;
				ASSETCATALOG_COMPILER_GLOBAL_ACCENT_COLOR_NAME = AccentColor;
				CODE_SIGN_STYLE = Automatic;
				CURRENT_PROJECT_VERSION = 1;
				DEVELOPMENT_ASSET_PATHS = "\"Bogun Gym/Preview Content\"";
				ENABLE_PREVIEWS = YES;
				GENERATE_INFOPLIST_FILE = YES;
				INFOPLIST_KEY_UIApplicationSceneManifest_Generation = YES;
				INFOPLIST_KEY_UIApplicationSupportsIndirectInputEvents = YES;
				INFOPLIST_KEY_UILaunchScreen_Generation = YES;
				INFOPLIST_KEY_UISupportedInterfaceOrientations_iPad = "UIInterfaceOrientationPortrait UIInterfaceOrientationPortraitUpsideDown UIInterfaceOrientationLandscapeLeft UIInterfaceOrientationLandscapeRight";
				INFOPLIST_KEY_UISupportedInterfaceOrientations_iPhone = "UIInterfaceOrientationPortrait UIInterfaceOrientationLandscapeLeft UIInterfaceOrientationLandscapeRight";
				LD_RUNPATH_SEARCH_PATHS = (
					"$(inherited)",
					"@executable_path/Frameworks",
				);
				MARKETING_VERSION = 1.0;
				PRODUCT_BUNDLE_IDENTIFIER = "momcilobogunovic.Bogun-Gym";
				PRODUCT_NAME = "$(TARGET_NAME)";
				SWIFT_EMIT_LOC_STRINGS = YES;
				SWIFT_VERSION = 5.0;
				TARGETED_DEVICE_FAMILY = "1,2";
			};
			name = Release;
		};
/* End XCBuildConfiguration section */

/* Begin XCConfigurationList section */
		2138344A2B598A3800EC75F9 /* Build configuration list for PBXProject "Bogun Gym" */ = {
			isa = XCConfigurationList;
			buildConfigurations = (
				2138345B2B598A3900EC75F9 /* Debug */,
				2138345C2B598A3900EC75F9 /* Release */,
			);
			defaultConfigurationIsVisible = 0;
			defaultConfigurationName = Release;
		};
		2138345D2B598A3900EC75F9 /* Build configuration list for PBXNativeTarget "Bogun Gym" */ = {
			isa = XCConfigurationList;
			buildConfigurations = (
				2138345E2B598A3900EC75F9 /* Debug */,
				2138345F2B598A3900EC75F9 /* Release */,
			);
			defaultConfigurationIsVisible = 0;
			defaultConfigurationName = Release;
		};
/* End XCConfigurationList section */

/* Begin XCRemoteSwiftPackageReference section */
		213834622B598B0500EC75F9 /* XCRemoteSwiftPackageReference "firebase-ios-sdk" */ = {
			isa = XCRemoteSwiftPackageReference;
			repositoryURL = "https://github.com/firebase/firebase-ios-sdk.git";
			requirement = {
				kind = upToNextMajorVersion;
				minimumVersion = 10.20.0;
			};
		};
/* End XCRemoteSwiftPackageReference section */

/* Begin XCSwiftPackageProductDependency section */
		213834632B598B0500EC75F9 /* FirebaseAnalytics */ = {
			isa = XCSwiftPackageProductDependency;
			package = 213834622B598B0500EC75F9 /* XCRemoteSwiftPackageReference "firebase-ios-sdk" */;
			productName = FirebaseAnalytics;
		};
		213834652B598B0500EC75F9 /* FirebaseAnalyticsOnDeviceConversion */ = {
			isa = XCSwiftPackageProductDependency;
			package = 213834622B598B0500EC75F9 /* XCRemoteSwiftPackageReference "firebase-ios-sdk" */;
			productName = FirebaseAnalyticsOnDeviceConversion;
		};
		213834672B598B0500EC75F9 /* FirebaseAnalyticsSwift */ = {
			isa = XCSwiftPackageProductDependency;
			package = 213834622B598B0500EC75F9 /* XCRemoteSwiftPackageReference "firebase-ios-sdk" */;
			productName = FirebaseAnalyticsSwift;
		};
		213834692B598B0500EC75F9 /* FirebaseAnalyticsWithoutAdIdSupport */ = {
			isa = XCSwiftPackageProductDependency;
			package = 213834622B598B0500EC75F9 /* XCRemoteSwiftPackageReference "firebase-ios-sdk" */;
			productName = FirebaseAnalyticsWithoutAdIdSupport;
		};
		2138346B2B598B0500EC75F9 /* FirebaseAppCheck */ = {
			isa = XCSwiftPackageProductDependency;
			package = 213834622B598B0500EC75F9 /* XCRemoteSwiftPackageReference "firebase-ios-sdk" */;
			productName = FirebaseAppCheck;
		};
		213834752B598CF100EC75F9 /* FirebaseAnalytics */ = {
			isa = XCSwiftPackageProductDependency;
			package = 213834622B598B0500EC75F9 /* XCRemoteSwiftPackageReference "firebase-ios-sdk" */;
			productName = FirebaseAnalytics;
		};
		213834772B598CF100EC75F9 /* FirebaseAnalyticsOnDeviceConversion */ = {
			isa = XCSwiftPackageProductDependency;
			package = 213834622B598B0500EC75F9 /* XCRemoteSwiftPackageReference "firebase-ios-sdk" */;
			productName = FirebaseAnalyticsOnDeviceConversion;
		};
		213834792B598CF100EC75F9 /* FirebaseAnalyticsSwift */ = {
			isa = XCSwiftPackageProductDependency;
			package = 213834622B598B0500EC75F9 /* XCRemoteSwiftPackageReference "firebase-ios-sdk" */;
			productName = FirebaseAnalyticsSwift;
		};
		2138347B2B598CF100EC75F9 /* FirebaseAnalyticsWithoutAdIdSupport */ = {
			isa = XCSwiftPackageProductDependency;
			package = 213834622B598B0500EC75F9 /* XCRemoteSwiftPackageReference "firebase-ios-sdk" */;
			productName = FirebaseAnalyticsWithoutAdIdSupport;
		};
		2138347D2B598CF100EC75F9 /* FirebaseAppCheck */ = {
			isa = XCSwiftPackageProductDependency;
			package = 213834622B598B0500EC75F9 /* XCRemoteSwiftPackageReference "firebase-ios-sdk" */;
			productName = FirebaseAppCheck;
		};
		21E0CE702B598FE600437594 /* FirebaseAnalytics */ = {
			isa = XCSwiftPackageProductDependency;
			package = 213834622B598B0500EC75F9 /* XCRemoteSwiftPackageReference "firebase-ios-sdk" */;
			productName = FirebaseAnalytics;
		};
		21E0CE722B598FE600437594 /* FirebaseAnalyticsOnDeviceConversion */ = {
			isa = XCSwiftPackageProductDependency;
			package = 213834622B598B0500EC75F9 /* XCRemoteSwiftPackageReference "firebase-ios-sdk" */;
			productName = FirebaseAnalyticsOnDeviceConversion;
		};
		21E0CE742B598FE600437594 /* FirebaseAnalyticsSwift */ = {
			isa = XCSwiftPackageProductDependency;
			package = 213834622B598B0500EC75F9 /* XCRemoteSwiftPackageReference "firebase-ios-sdk" */;
			productName = FirebaseAnalyticsSwift;
		};
		21E0CE762B598FE600437594 /* FirebaseAnalyticsWithoutAdIdSupport */ = {
			isa = XCSwiftPackageProductDependency;
			package = 213834622B598B0500EC75F9 /* XCRemoteSwiftPackageReference "firebase-ios-sdk" */;
			productName = FirebaseAnalyticsWithoutAdIdSupport;
		};
		21E0CE782B598FE600437594 /* FirebaseAppCheck */ = {
			isa = XCSwiftPackageProductDependency;
			package = 213834622B598B0500EC75F9 /* XCRemoteSwiftPackageReference "firebase-ios-sdk" */;
			productName = FirebaseAppCheck;
		};
		21E0CE7B2B5990F400437594 /* FirebaseAuth */ = {
			isa = XCSwiftPackageProductDependency;
			package = 213834622B598B0500EC75F9 /* XCRemoteSwiftPackageReference "firebase-ios-sdk" */;
			productName = FirebaseAuth;
		};
		21E0CE7D2B59913E00437594 /* FirebaseFirestore */ = {
			isa = XCSwiftPackageProductDependency;
			package = 213834622B598B0500EC75F9 /* XCRemoteSwiftPackageReference "firebase-ios-sdk" */;
			productName = FirebaseFirestore;
		};
		21E0CE7F2B59916100437594 /* FirebaseFirestoreSwift */ = {
			isa = XCSwiftPackageProductDependency;
			package = 213834622B598B0500EC75F9 /* XCRemoteSwiftPackageReference "firebase-ios-sdk" */;
			productName = FirebaseFirestoreSwift;
		};
/* End XCSwiftPackageProductDependency section */
	};
	rootObject = 213834472B598A3800EC75F9 /* Project object */;
}
